
Microsoft Visual Studio Solution File, Format Version 12.00
# Visual Studio Version 17
VisualStudioVersion = 17.12.35506.116
MinimumVisualStudioVersion = 10.0.40219.1
Project("{FAE04EC0-301F-11D3-BF4B-00C04F79EFBC}") = "ECommons", "ECommons\ECommons\ECommons.csproj", "{AF998137-16C9-4CA4-B8F6-9C9A75F49ADE}"
EndProject
Project("{FAE04EC0-301F-11D3-BF4B-00C04F79EFBC}") = "GlobalTurnIn", "GlobalTurnIn\GlobalTurnIn.csproj", "{35B8C800-0E79-4C07-818E-E93C4C84CAA6}"
EndProject
Global
	GlobalSection(SolutionConfigurationPlatforms) = preSolution
		Debug|x64 = Debug|x64
		Release|x64 = Release|x64
	EndGlobalSection
	GlobalSection(ProjectConfigurationPlatforms) = postSolution
		{AF998137-16C9-4CA4-B8F6-9C9A75F49ADE}.Debug|x64.ActiveCfg = Debug|x64
		{AF998137-16C9-4CA4-B8F6-9C9A75F49ADE}.Debug|x64.Build.0 = Debug|x64
		{AF998137-16C9-4CA4-B8F6-9C9A75F49ADE}.Release|x64.ActiveCfg = Release|x64
		{AF998137-16C9-4CA4-B8F6-9C9A75F49ADE}.Release|x64.Build.0 = Release|x64
		{35B8C800-0E79-4C07-818E-E93C4C84CAA6}.Debug|x64.ActiveCfg = Debug|x64
		{35B8C800-0E79-4C07-818E-E93C4C84CAA6}.Debug|x64.Build.0 = Debug|x64
		{35B8C800-0E79-4C07-818E-E93C4C84CAA6}.Release|x64.ActiveCfg = Release|x64
		{35B8C800-0E79-4C07-818E-E93C4C84CAA6}.Release|x64.Build.0 = Release|x64
	EndGlobalSection
	GlobalSection(SolutionProperties) = preSolution
		HideSolutionNode = FALSE
	EndGlobalSection
	GlobalSection(ExtensibilityGlobals) = postSolution
		SolutionGuid = {B17E85B1-5F60-4440-9F9A-3DDE877E8CDF}
	EndGlobalSection
EndGlobal
